// !$*UTF8*$!
{
	archiveVersion = 1;
	classes = {
	};
	objectVersion = 56;
	objects = {

/* Begin PBXBuildFile section */
		C129E3A12C51B34700655737 /* BinaryStar.swift in Sources */ = {isa = PBXBuildFile; fileRef = C129E3A02C51B34500655737 /* BinaryStar.swift */; };
		C129E3A42C51B36900655737 /* InputView.swift in Sources */ = {isa = PBXBuildFile; fileRef = C129E3A32C51B36700655737 /* InputView.swift */; };
		C129E3A62C51B48E00655737 /* LumMag.swift in Sources */ = {isa = PBXBuildFile; fileRef = C129E3A52C51B48D00655737 /* LumMag.swift */; };
		C129E3BC2C51B5F800655737 /* Reachability.swift in Sources */ = {isa = PBXBuildFile; fileRef = C129E3BB2C51B5F800655737 /* Reachability.swift */; };
		C18208E62C4A9978001CB53F /* Element.swift in Sources */ = {isa = PBXBuildFile; fileRef = C18208E32C4A9978001CB53F /* Element.swift */; };
		C18430D92C4AA4D4008290A9 /* RRLyrae.swift in Sources */ = {isa = PBXBuildFile; fileRef = C18430D82C4AA4CF008290A9 /* RRLyrae.swift */; };
		C1AEA6162C4A984C00CAE55D /* SciToolApp.swift in Sources */ = {isa = PBXBuildFile; fileRef = C1AEA6152C4A984C00CAE55D /* SciToolApp.swift */; };
		C1AEA6182C4A984C00CAE55D /* ContentView.swift in Sources */ = {isa = PBXBuildFile; fileRef = C1AEA6172C4A984C00CAE55D /* ContentView.swift */; };
		C1AEA61A2C4A984C00CAE55D /* Item.swift in Sources */ = {isa = PBXBuildFile; fileRef = C1AEA6192C4A984C00CAE55D /* Item.swift */; };
		C1AEA61C2C4A984D00CAE55D /* Assets.xcassets in Resources */ = {isa = PBXBuildFile; fileRef = C1AEA61B2C4A984D00CAE55D /* Assets.xcassets */; };
		C1AEA61F2C4A984D00CAE55D /* Preview Assets.xcassets in Resources */ = {isa = PBXBuildFile; fileRef = C1AEA61E2C4A984D00CAE55D /* Preview Assets.xcassets */; };
		C1AEA6272C4A986900CAE55D /* Models.swift in Sources */ = {isa = PBXBuildFile; fileRef = C1AEA6262C4A986900CAE55D /* Models.swift */; };
		C1AEA6292C4A988800CAE55D /* PeriodicTableView.swift in Sources */ = {isa = PBXBuildFile; fileRef = C1AEA6282C4A988800CAE55D /* PeriodicTableView.swift */; };
		C1AEA62B2C4A989B00CAE55D /* CompoundListView.swift in Sources */ = {isa = PBXBuildFile; fileRef = C1AEA62A2C4A989B00CAE55D /* CompoundListView.swift */; };
		C1AEA62D2C4A98AD00CAE55D /* CalculatorView.swift in Sources */ = {isa = PBXBuildFile; fileRef = C1AEA62C2C4A98AD00CAE55D /* CalculatorView.swift */; };
/* End PBXBuildFile section */

/* Begin PBXFileReference section */
		C129E3A02C51B34500655737 /* BinaryStar.swift */ = {isa = PBXFileReference; lastKnownFileType = sourcecode.swift; path = BinaryStar.swift; sourceTree = "<group>"; };
		C129E3A32C51B36700655737 /* InputView.swift */ = {isa = PBXFileReference; lastKnownFileType = sourcecode.swift; path = InputView.swift; sourceTree = "<group>"; };
		C129E3A52C51B48D00655737 /* LumMag.swift */ = {isa = PBXFileReference; lastKnownFileType = sourcecode.swift; path = LumMag.swift; sourceTree = "<group>"; };
		C129E3BB2C51B5F800655737 /* Reachability.swift */ = {isa = PBXFileReference; lastKnownFileType = sourcecode.swift; path = Reachability.swift; sourceTree = "<group>"; };
		C18208E32C4A9978001CB53F /* Element.swift */ = {isa = PBXFileReference; lastKnownFileType = sourcecode.swift; path = Element.swift; sourceTree = "<group>"; };
		C18430D82C4AA4CF008290A9 /* RRLyrae.swift */ = {isa = PBXFileReference; lastKnownFileType = sourcecode.swift; path = RRLyrae.swift; sourceTree = "<group>"; };
		C1AEA6122C4A984C00CAE55D /* SciTool.app */ = {isa = PBXFileReference; explicitFileType = wrapper.application; includeInIndex = 0; path = SciTool.app; sourceTree = BUILT_PRODUCTS_DIR; };
		C1AEA6152C4A984C00CAE55D /* SciToolApp.swift */ = {isa = PBXFileReference; lastKnownFileType = sourcecode.swift; path = SciToolApp.swift; sourceTree = "<group>"; };
		C1AEA6172C4A984C00CAE55D /* ContentView.swift */ = {isa = PBXFileReference; lastKnownFileType = sourcecode.swift; path = ContentView.swift; sourceTree = "<group>"; };
		C1AEA6192C4A984C00CAE55D /* Item.swift */ = {isa = PBXFileReference; lastKnownFileType = sourcecode.swift; path = Item.swift; sourceTree = "<group>"; };
		C1AEA61B2C4A984D00CAE55D /* Assets.xcassets */ = {isa = PBXFileReference; lastKnownFileType = folder.assetcatalog; path = Assets.xcassets; sourceTree = "<group>"; };
		C1AEA61E2C4A984D00CAE55D /* Preview Assets.xcassets */ = {isa = PBXFileReference; lastKnownFileType = folder.assetcatalog; path = "Preview Assets.xcassets"; sourceTree = "<group>"; };
		C1AEA6202C4A984D00CAE55D /* SciTool.entitlements */ = {isa = PBXFileReference; lastKnownFileType = text.plist.entitlements; path = SciTool.entitlements; sourceTree = "<group>"; };
		C1AEA6262C4A986900CAE55D /* Models.swift */ = {isa = PBXFileReference; lastKnownFileType = sourcecode.swift; path = Models.swift; sourceTree = "<group>"; };
		C1AEA6282C4A988800CAE55D /* PeriodicTableView.swift */ = {isa = PBXFileReference; lastKnownFileType = sourcecode.swift; path = PeriodicTableView.swift; sourceTree = "<group>"; };
		C1AEA62A2C4A989B00CAE55D /* CompoundListView.swift */ = {isa = PBXFileReference; lastKnownFileType = sourcecode.swift; path = CompoundListView.swift; sourceTree = "<group>"; };
		C1AEA62C2C4A98AD00CAE55D /* CalculatorView.swift */ = {isa = PBXFileReference; lastKnownFileType = sourcecode.swift; path = CalculatorView.swift; sourceTree = "<group>"; };
/* End PBXFileReference section */

/* Begin PBXFrameworksBuildPhase section */
		C1AEA60F2C4A984C00CAE55D /* Frameworks */ = {
			isa = PBXFrameworksBuildPhase;
			buildActionMask = 2147483647;
			files = (
			);
			runOnlyForDeploymentPostprocessing = 0;
		};
/* End PBXFrameworksBuildPhase section */

/* Begin PBXGroup section */
		C129E3A22C51B36300655737 /* Views */ = {
			isa = PBXGroup;
			children = (
				C129E3A32C51B36700655737 /* InputView.swift */,
			);
			path = Views;
			sourceTree = "<group>";
		};
		C129E3B82C51B5EA00655737 /* Helpers */ = {
			isa = PBXGroup;
			children = (
				C129E3BB2C51B5F800655737 /* Reachability.swift */,
			);
			path = Helpers;
			sourceTree = "<group>";
		};
		C18208E52C4A9978001CB53F /* Elements */ = {
			isa = PBXGroup;
			children = (
				C18208E32C4A9978001CB53F /* Element.swift */,
			);
			path = Elements;
			sourceTree = "<group>";
		};
		C18430DA2C4AA505008290A9 /* Calculators */ = {
			isa = PBXGroup;
			children = (
				C129E3A52C51B48D00655737 /* LumMag.swift */,
				C129E3A02C51B34500655737 /* BinaryStar.swift */,
				C18430D82C4AA4CF008290A9 /* RRLyrae.swift */,
			);
			path = Calculators;
			sourceTree = "<group>";
		};
		C1AEA6092C4A984C00CAE55D = {
			isa = PBXGroup;
			children = (
				C1AEA6142C4A984C00CAE55D /* SciTool */,
				C1AEA6132C4A984C00CAE55D /* Products */,
			);
			sourceTree = "<group>";
		};
		C1AEA6132C4A984C00CAE55D /* Products */ = {
			isa = PBXGroup;
			children = (
				C1AEA6122C4A984C00CAE55D /* SciTool.app */,
			);
			name = Products;
			sourceTree = "<group>";
		};
		C1AEA6142C4A984C00CAE55D /* SciTool */ = {
			isa = PBXGroup;
			children = (
				C129E3B82C51B5EA00655737 /* Helpers */,
				C129E3A22C51B36300655737 /* Views */,
				C18430DA2C4AA505008290A9 /* Calculators */,
				C18208E52C4A9978001CB53F /* Elements */,
				C1AEA6152C4A984C00CAE55D /* SciToolApp.swift */,
				C1AEA6172C4A984C00CAE55D /* ContentView.swift */,
				C1AEA6192C4A984C00CAE55D /* Item.swift */,
				C1AEA61B2C4A984D00CAE55D /* Assets.xcassets */,
				C1AEA6202C4A984D00CAE55D /* SciTool.entitlements */,
				C1AEA61D2C4A984D00CAE55D /* Preview Content */,
				C1AEA6262C4A986900CAE55D /* Models.swift */,
				C1AEA6282C4A988800CAE55D /* PeriodicTableView.swift */,
				C1AEA62A2C4A989B00CAE55D /* CompoundListView.swift */,
				C1AEA62C2C4A98AD00CAE55D /* CalculatorView.swift */,
			);
			path = SciTool;
			sourceTree = "<group>";
		};
		C1AEA61D2C4A984D00CAE55D /* Preview Content */ = {
			isa = PBXGroup;
			children = (
				C1AEA61E2C4A984D00CAE55D /* Preview Assets.xcassets */,
			);
			path = "Preview Content";
			sourceTree = "<group>";
		};
/* End PBXGroup section */

/* Begin PBXNativeTarget section */
		C1AEA6112C4A984C00CAE55D /* SciTool */ = {
			isa = PBXNativeTarget;
			buildConfigurationList = C1AEA6232C4A984D00CAE55D /* Build configuration list for PBXNativeTarget "SciTool" */;
			buildPhases = (
				C1AEA60E2C4A984C00CAE55D /* Sources */,
				C1AEA60F2C4A984C00CAE55D /* Frameworks */,
				C1AEA6102C4A984C00CAE55D /* Resources */,
			);
			buildRules = (
			);
			dependencies = (
			);
			name = SciTool;
			productName = SciTool;
			productReference = C1AEA6122C4A984C00CAE55D /* SciTool.app */;
			productType = "com.apple.product-type.application";
		};
/* End PBXNativeTarget section */

/* Begin PBXProject section */
		C1AEA60A2C4A984C00CAE55D /* Project object */ = {
			isa = PBXProject;
			attributes = {
				BuildIndependentTargetsInParallel = 1;
				LastSwiftUpdateCheck = 1540;
				LastUpgradeCheck = 1540;
				TargetAttributes = {
					C1AEA6112C4A984C00CAE55D = {
						CreatedOnToolsVersion = 15.4;
					};
				};
			};
			buildConfigurationList = C1AEA60D2C4A984C00CAE55D /* Build configuration list for PBXProject "SciTool" */;
			compatibilityVersion = "Xcode 14.0";
			developmentRegion = en;
			hasScannedForEncodings = 0;
			knownRegions = (
				en,
				Base,
			);
			mainGroup = C1AEA6092C4A984C00CAE55D;
			productRefGroup = C1AEA6132C4A984C00CAE55D /* Products */;
			projectDirPath = "";
			projectRoot = "";
			targets = (
				C1AEA6112C4A984C00CAE55D /* SciTool */,
			);
		};
/* End PBXProject section */

/* Begin PBXResourcesBuildPhase section */
		C1AEA6102C4A984C00CAE55D /* Resources */ = {
			isa = PBXResourcesBuildPhase;
			buildActionMask = 2147483647;
			files = (
				C1AEA61F2C4A984D00CAE55D /* Preview Assets.xcassets in Resources */,
				C1AEA61C2C4A984D00CAE55D /* Assets.xcassets in Resources */,
			);
			runOnlyForDeploymentPostprocessing = 0;
		};
/* End PBXResourcesBuildPhase section */

/* Begin PBXSourcesBuildPhase section */
		C1AEA60E2C4A984C00CAE55D /* Sources */ = {
			isa = PBXSourcesBuildPhase;
			buildActionMask = 2147483647;
			files = (
				C129E3BC2C51B5F800655737 /* Reachability.swift in Sources */,
				C1AEA6182C4A984C00CAE55D /* ContentView.swift in Sources */,
				C1AEA62D2C4A98AD00CAE55D /* CalculatorView.swift in Sources */,
				C1AEA61A2C4A984C00CAE55D /* Item.swift in Sources */,
				C1AEA6162C4A984C00CAE55D /* SciToolApp.swift in Sources */,
				C1AEA6272C4A986900CAE55D /* Models.swift in Sources */,
				C18430D92C4AA4D4008290A9 /* RRLyrae.swift in Sources */,
				C129E3A62C51B48E00655737 /* LumMag.swift in Sources */,
				C129E3A12C51B34700655737 /* BinaryStar.swift in Sources */,
				C18208E62C4A9978001CB53F /* Element.swift in Sources */,
				C129E3A42C51B36900655737 /* InputView.swift in Sources */,
				C1AEA6292C4A988800CAE55D /* PeriodicTableView.swift in Sources */,
				C1AEA62B2C4A989B00CAE55D /* CompoundListView.swift in Sources */,
			);
			runOnlyForDeploymentPostprocessing = 0;
		};
/* End PBXSourcesBuildPhase section */

/* Begin XCBuildConfiguration section */
		C1AEA6212C4A984D00CAE55D /* Debug */ = {
			isa = XCBuildConfiguration;
			buildSettings = {
				ALWAYS_SEARCH_USER_PATHS = NO;
				ASSETCATALOG_COMPILER_GENERATE_SWIFT_ASSET_SYMBOL_EXTENSIONS = YES;
				CLANG_ANALYZER_NONNULL = YES;
				CLANG_ANALYZER_NUMBER_OBJECT_CONVERSION = YES_AGGRESSIVE;
				CLANG_CXX_LANGUAGE_STANDARD = "gnu++20";
				CLANG_ENABLE_MODULES = YES;
				CLANG_ENABLE_OBJC_ARC = YES;
				CLANG_ENABLE_OBJC_WEAK = YES;
				CLANG_WARN_BLOCK_CAPTURE_AUTORELEASING = YES;
				CLANG_WARN_BOOL_CONVERSION = YES;
				CLANG_WARN_COMMA = YES;
				CLANG_WARN_CONSTANT_CONVERSION = YES;
				CLANG_WARN_DEPRECATED_OBJC_IMPLEMENTATIONS = YES;
				CLANG_WARN_DIRECT_OBJC_ISA_USAGE = YES_ERROR;
				CLANG_WARN_DOCUMENTATION_COMMENTS = YES;
				CLANG_WARN_EMPTY_BODY = YES;
				CLANG_WARN_ENUM_CONVERSION = YES;
				CLANG_WARN_INFINITE_RECURSION = YES;
				CLANG_WARN_INT_CONVERSION = YES;
				CLANG_WARN_NON_LITERAL_NULL_CONVERSION = YES;
				CLANG_WARN_OBJC_IMPLICIT_RETAIN_SELF = YES;
				CLANG_WARN_OBJC_LITERAL_CONVERSION = YES;
				CLANG_WARN_OBJC_ROOT_CLASS = YES_ERROR;
				CLANG_WARN_QUOTED_INCLUDE_IN_FRAMEWORK_HEADER = YES;
				CLANG_WARN_RANGE_LOOP_ANALYSIS = YES;
				CLANG_WARN_STRICT_PROTOTYPES = YES;
				CLANG_WARN_SUSPICIOUS_MOVE = YES;
				CLANG_WARN_UNGUARDED_AVAILABILITY = YES_AGGRESSIVE;
				CLANG_WARN_UNREACHABLE_CODE = YES;
				CLANG_WARN__DUPLICATE_METHOD_MATCH = YES;
				COPY_PHASE_STRIP = NO;
				DEBUG_INFORMATION_FORMAT = dwarf;
				ENABLE_STRICT_OBJC_MSGSEND = YES;
				ENABLE_TESTABILITY = YES;
				ENABLE_USER_SCRIPT_SANDBOXING = YES;
				GCC_C_LANGUAGE_STANDARD = gnu17;
				GCC_DYNAMIC_NO_PIC = NO;
				GCC_NO_COMMON_BLOCKS = YES;
				GCC_OPTIMIZATION_LEVEL = 0;
				GCC_PREPROCESSOR_DEFINITIONS = (
					"DEBUG=1",
					"$(inherited)",
				);
				GCC_WARN_64_TO_32_BIT_CONVERSION = YES;
				GCC_WARN_ABOUT_RETURN_TYPE = YES_ERROR;
				GCC_WARN_UNDECLARED_SELECTOR = YES;
				GCC_WARN_UNINITIALIZED_AUTOS = YES_AGGRESSIVE;
				GCC_WARN_UNUSED_FUNCTION = YES;
				GCC_WARN_UNUSED_VARIABLE = YES;
				LOCALIZATION_PREFERS_STRING_CATALOGS = YES;
				MACOSX_DEPLOYMENT_TARGET = 14.5;
				MTL_ENABLE_DEBUG_INFO = INCLUDE_SOURCE;
				MTL_FAST_MATH = YES;
				ONLY_ACTIVE_ARCH = YES;
				SDKROOT = macosx;
				SWIFT_ACTIVE_COMPILATION_CONDITIONS = "DEBUG $(inherited)";
				SWIFT_OPTIMIZATION_LEVEL = "-Onone";
				SWIFT_VERSION = 6.0;
			};
			name = Debug;
		};
		C1AEA6222C4A984D00CAE55D /* Release */ = {
			isa = XCBuildConfiguration;
			buildSettings = {
				ALWAYS_SEARCH_USER_PATHS = NO;
				ASSETCATALOG_COMPILER_GENERATE_SWIFT_ASSET_SYMBOL_EXTENSIONS = YES;
				CLANG_ANALYZER_NONNULL = YES;
				CLANG_ANALYZER_NUMBER_OBJECT_CONVERSION = YES_AGGRESSIVE;
				CLANG_CXX_LANGUAGE_STANDARD = "gnu++20";
				CLANG_ENABLE_MODULES = YES;
				CLANG_ENABLE_OBJC_ARC = YES;
				CLANG_ENABLE_OBJC_WEAK = YES;
				CLANG_WARN_BLOCK_CAPTURE_AUTORELEASING = YES;
				CLANG_WARN_BOOL_CONVERSION = YES;
				CLANG_WARN_COMMA = YES;
				CLANG_WARN_CONSTANT_CONVERSION = YES;
				CLANG_WARN_DEPRECATED_OBJC_IMPLEMENTATIONS = YES;
				CLANG_WARN_DIRECT_OBJC_ISA_USAGE = YES_ERROR;
				CLANG_WARN_DOCUMENTATION_COMMENTS = YES;
				CLANG_WARN_EMPTY_BODY = YES;
				CLANG_WARN_ENUM_CONVERSION = YES;
				CLANG_WARN_INFINITE_RECURSION = YES;
				CLANG_WARN_INT_CONVERSION = YES;
				CLANG_WARN_NON_LITERAL_NULL_CONVERSION = YES;
				CLANG_WARN_OBJC_IMPLICIT_RETAIN_SELF = YES;
				CLANG_WARN_OBJC_LITERAL_CONVERSION = YES;
				CLANG_WARN_OBJC_ROOT_CLASS = YES_ERROR;
				CLANG_WARN_QUOTED_INCLUDE_IN_FRAMEWORK_HEADER = YES;
				CLANG_WARN_RANGE_LOOP_ANALYSIS = YES;
				CLANG_WARN_STRICT_PROTOTYPES = YES;
				CLANG_WARN_SUSPICIOUS_MOVE = YES;
				CLANG_WARN_UNGUARDED_AVAILABILITY = YES_AGGRESSIVE;
				CLANG_WARN_UNREACHABLE_CODE = YES;
				CLANG_WARN__DUPLICATE_METHOD_MATCH = YES;
				COPY_PHASE_STRIP = NO;
				DEBUG_INFORMATION_FORMAT = "dwarf-with-dsym";
				ENABLE_NS_ASSERTIONS = NO;
				ENABLE_STRICT_OBJC_MSGSEND = YES;
				ENABLE_USER_SCRIPT_SANDBOXING = YES;
				GCC_C_LANGUAGE_STANDARD = gnu17;
				GCC_NO_COMMON_BLOCKS = YES;
				GCC_WARN_64_TO_32_BIT_CONVERSION = YES;
				GCC_WARN_ABOUT_RETURN_TYPE = YES_ERROR;
				GCC_WARN_UNDECLARED_SELECTOR = YES;
				GCC_WARN_UNINITIALIZED_AUTOS = YES_AGGRESSIVE;
				GCC_WARN_UNUSED_FUNCTION = YES;
				GCC_WARN_UNUSED_VARIABLE = YES;
				LOCALIZATION_PREFERS_STRING_CATALOGS = YES;
				MACOSX_DEPLOYMENT_TARGET = 14.5;
				MTL_ENABLE_DEBUG_INFO = NO;
				MTL_FAST_MATH = YES;
				SDKROOT = macosx;
				SWIFT_COMPILATION_MODE = wholemodule;
				SWIFT_VERSION = 6.0;
			};
			name = Release;
		};
		C1AEA6242C4A984D00CAE55D /* Debug */ = {
			isa = XCBuildConfiguration;
			buildSettings = {
				ASSETCATALOG_COMPILER_APPICON_NAME = AppIcon;
				ASSETCATALOG_COMPILER_GLOBAL_ACCENT_COLOR_NAME = AccentColor;
				CODE_SIGN_ENTITLEMENTS = SciTool/SciTool.entitlements;
				CODE_SIGN_STYLE = Automatic;
				COMBINE_HIDPI_IMAGES = YES;
				CURRENT_PROJECT_VERSION = 1;
				DEVELOPMENT_ASSET_PATHS = "\"SciTool/Preview Content\"";
				DEVELOPMENT_TEAM = T474C55Q79;
				ENABLE_HARDENED_RUNTIME = YES;
				ENABLE_PREVIEWS = YES;
				GENERATE_INFOPLIST_FILE = YES;
				INFOPLIST_KEY_NSHumanReadableCopyright = "";
				LD_RUNPATH_SEARCH_PATHS = (
					"$(inherited)",
					"@executable_path/../Frameworks",
				);
				MACOSX_DEPLOYMENT_TARGET = 14.0;
				MARKETING_VERSION = 1.0;
				PRODUCT_BUNDLE_IDENTIFIER = app.0xcube.SciTool;
				PRODUCT_NAME = "$(TARGET_NAME)";
				SWIFT_EMIT_LOC_STRINGS = YES;
				SWIFT_VERSION = 6.0;
			};
			name = Debug;
		};
		C1AEA6252C4A984D00CAE55D /* Release */ = {
			isa = XCBuildConfiguration;
			buildSettings = {
				ASSETCATALOG_COMPILER_APPICON_NAME = AppIcon;
				ASSETCATALOG_COMPILER_GLOBAL_ACCENT_COLOR_NAME = AccentColor;
				CODE_SIGN_ENTITLEMENTS = SciTool/SciTool.entitlements;
				CODE_SIGN_STYLE = Automatic;
				COMBINE_HIDPI_IMAGES = YES;
				CURRENT_PROJECT_VERSION = 1;
				DEVELOPMENT_ASSET_PATHS = "\"SciTool/Preview Content\"";
				DEVELOPMENT_TEAM = T474C55Q79;
				ENABLE_HARDENED_RUNTIME = YES;
				ENABLE_PREVIEWS = YES;
				GENERATE_INFOPLIST_FILE = YES;
				INFOPLIST_KEY_NSHumanReadableCopyright = "";
				LD_RUNPATH_SEARCH_PATHS = (
					"$(inherited)",
					"@executable_path/../Frameworks",
				);
				MACOSX_DEPLOYMENT_TARGET = 14.0;
				MARKETING_VERSION = 1.0;
				PRODUCT_BUNDLE_IDENTIFIER = app.0xcube.SciTool;
				PRODUCT_NAME = "$(TARGET_NAME)";
				SWIFT_EMIT_LOC_STRINGS = YES;
				SWIFT_VERSION = 6.0;
			};
			name = Release;
		};
/* End XCBuildConfiguration section */

/* Begin XCConfigurationList section */
		C1AEA60D2C4A984C00CAE55D /* Build configuration list for PBXProject "SciTool" */ = {
			isa = XCConfigurationList;
			buildConfigurations = (
				C1AEA6212C4A984D00CAE55D /* Debug */,
				C1AEA6222C4A984D00CAE55D /* Release */,
			);
			defaultConfigurationIsVisible = 0;
			defaultConfigurationName = Release;
		};
		C1AEA6232C4A984D00CAE55D /* Build configuration list for PBXNativeTarget "SciTool" */ = {
			isa = XCConfigurationList;
			buildConfigurations = (
				C1AEA6242C4A984D00CAE55D /* Debug */,
				C1AEA6252C4A984D00CAE55D /* Release */,
			);
			defaultConfigurationIsVisible = 0;
			defaultConfigurationName = Release;
		};
/* End XCConfigurationList section */
	};
	rootObject = C1AEA60A2C4A984C00CAE55D /* Project object */;
}
